# This file is autogenerated, do not edit; changes may be undone by the next 'dep ensure'.


[[projects]]
  branch = "master"
  digest = "1:f14d1b50e0075fb00177f12a96dd7addf93d1e2883c25befd17285b779549795"
  name = "github.com/gopherjs/gopherjs"
  packages = ["js"]
  pruneopts = "UT"
  revision = "847fc94819f9d5a4e7154e2203b36f6dbace6f48"

[[projects]]
  branch = "master"
  digest = "1:c56f3cb97247754f4bed6c0ad441a3fa7ee21c9a9921bba6701635fe94c1561f"
  name = "github.com/oov/psd"
  packages = [
    ".",
    "color",
  ]
  pruneopts = "UT"
  revision = "ada9a92c125a73f698616e3b8b62c6b3bba4feeb"

[solve-meta]
  analyzer-name = "dep"
  analyzer-version = 1
  input-imports = ["github.com/oov/psd"]
  solver-name = "gps-cdcl"
  solver-version = 1
